
Microsoft Visual Studio Solution File, Format Version 12.00
# Visual Studio Version 17
VisualStudioVersion = 17.7.34031.279
MinimumVisualStudioVersion = 10.0.40219.1
Project("{2150E333-8FDC-42A3-9474-1A3956D46DE8}") = "Plugins", "Plugins", "{1127FEB1-5E77-4242-93F2-9ABA2290B273}"
EndProject
Project("{2150E333-8FDC-42A3-9474-1A3956D46DE8}") = "Services", "Services", "{E9F95634-78E2-4289-A902-861A5912B311}"
EndProject
Project("{9A19103F-16F7-4668-BE54-9A1E7A4F7556}") = "TFEHelper.Backend.Services", "Services\TFEHelper.Backend.Services\TFEHelper.Backend.Services.csproj", "{6E1BB784-5FF7-4B94-9D75-A226E2B78A54}"
EndProject
Project("{9A19103F-16F7-4668-BE54-9A1E7A4F7556}") = "TFEHelper.Backend.Services.Test", "Services\TFEHelper.Backend.Services.Test\TFEHelper.Backend.Services.Test.csproj", "{250DD97E-D700-40BC-95B1-BA79D1C978E0}"
EndProject
Project("{9A19103F-16F7-4668-BE54-9A1E7A4F7556}") = "TFEHelper.Backend.Plugins.PluginBase", "Plugins\TFEHelper.Backend.Plugins.PluginBase\TFEHelper.Backend.Plugins.PluginBase.csproj", "{CF12EAA5-0B0D-4AED-895E-D39293937C29}"
EndProject
Project("{9A19103F-16F7-4668-BE54-9A1E7A4F7556}") = "TFEHelper.Backend.Plugins.Dummy", "Plugins\TFEHelper.Backend.Plugins.Dummy\TFEHelper.Backend.Plugins.Dummy.csproj", "{BF5FC887-DB02-4DB5-B5AC-1F9BBAEE11EE}"
EndProject
Project("{9A19103F-16F7-4668-BE54-9A1E7A4F7556}") = "TFEHelper.Backend.Plugins.SpringerLink", "Plugins\TFEHelper.Backend.Plugins.SpringerLink\TFEHelper.Backend.Plugins.SpringerLink.csproj", "{C8CE01CB-6E3E-4E43-AE49-CF7646B5AA6F}"
EndProject
Project("{2150E333-8FDC-42A3-9474-1A3956D46DE8}") = "Domain", "Domain", "{4234DE98-713D-42E9-A9A1-F4433B105CCE}"
EndProject
Project("{9A19103F-16F7-4668-BE54-9A1E7A4F7556}") = "TFEHelper.Backend.Domain.Test", "Domain\TFEHelper.Backend.Domain.Test\TFEHelper.Backend.Domain.Test.csproj", "{2A02944A-1946-46CF-9977-A6530461A029}"
EndProject
Project("{9A19103F-16F7-4668-BE54-9A1E7A4F7556}") = "TFEHelper.Backend.Domain", "Domain\TFEHelper.Backend.Domain\TFEHelper.Backend.Domain.csproj", "{853EE20F-5398-4CD8-A98D-EB5FD408D333}"
EndProject
Project("{2150E333-8FDC-42A3-9474-1A3956D46DE8}") = "Infrastructure", "Infrastructure", "{D8CB6DC0-27B0-4B01-9D75-CFC500C49DB4}"
EndProject
Project("{9A19103F-16F7-4668-BE54-9A1E7A4F7556}") = "TFEHelper.Backend.Infrastructure.Test", "Infrastructure\TFEHelper.Backend.Infrastructure.Test\TFEHelper.Backend.Infrastructure.Test.csproj", "{186725EB-2B64-4CF9-A6EB-B00524F81DEB}"
EndProject
Project("{9A19103F-16F7-4668-BE54-9A1E7A4F7556}") = "TFEHelper.Backend.Infrastructure", "Infrastructure\TFEHelper.Backend.Infrastructure\TFEHelper.Backend.Infrastructure.csproj", "{8AFFC517-F836-4611-BE76-59E33C65A67D}"
EndProject
Project("{2150E333-8FDC-42A3-9474-1A3956D46DE8}") = "API", "API", "{79E88285-83FD-48C8-81A1-EBF5C35E4D55}"
EndProject
Project("{2150E333-8FDC-42A3-9474-1A3956D46DE8}") = "Tools", "Tools", "{62502CA5-FE12-4EFC-86FE-C0340C5F2814}"
EndProject
Project("{9A19103F-16F7-4668-BE54-9A1E7A4F7556}") = "TFEHelper.Backend.Tools", "Tools\TFEHelper.Backend.Tools\TFEHelper.Backend.Tools.csproj", "{2F7B5542-9B12-4ECE-BDFC-55250DAEE1FC}"
EndProject
Project("{9A19103F-16F7-4668-BE54-9A1E7A4F7556}") = "TFEHelper.Backend.Tools.Test", "Tools\TFEHelper.Backend.Tools.Test\TFEHelper.Backend.Tools.Test.csproj", "{2C1C7E99-3C8F-4965-B52B-641F8C50BE92}"
EndProject
Project("{9A19103F-16F7-4668-BE54-9A1E7A4F7556}") = "TFEHelper.Backend.API", "API\TFEHelper.Backend.API\TFEHelper.Backend.API.csproj", "{2DB3A59D-BF06-45E2-862D-E2CCA3933190}"
EndProject
Project("{9A19103F-16F7-4668-BE54-9A1E7A4F7556}") = "TFEHelper.Backend.API.Test", "API\TFEHelper.Backend.API.Test\TFEHelper.Backend.API.Test.csproj", "{981EF278-A1E4-4196-88CD-CE70E7EC0FB1}"
EndProject
Project("{9A19103F-16F7-4668-BE54-9A1E7A4F7556}") = "TFEHelper.Backend.Services.Abstractions", "Services\TFEHelper.Backend.Services.Abstractions\TFEHelper.Backend.Services.Abstractions.csproj", "{15C3F021-DC86-4B48-9F3F-D87326B7530C}"
EndProject
Project("{9A19103F-16F7-4668-BE54-9A1E7A4F7556}") = "TFEHelper.Backend.Services.Contracts", "Services\TFEHelper.Backend.Services.Contracts\TFEHelper.Backend.Services.Contracts.csproj", "{77718E43-B922-4577-A73D-BDC8A034898E}"
EndProject
Project("{9A19103F-16F7-4668-BE54-9A1E7A4F7556}") = "TFEHelper.Backend.Plugins.Scopus", "Plugins\TFEHelper.Backend.Plugins.Scopus\TFEHelper.Backend.Plugins.Scopus.csproj", "{0A7EF4BB-86A6-4D85-B5F3-E512A11925FD}"
EndProject
Project("{9A19103F-16F7-4668-BE54-9A1E7A4F7556}") = "TFEHelper.Backend.Plugins.Pubmed", "Plugins\TFEHelper.Backend.Plugins.Pubmed\TFEHelper.Backend.Plugins.Pubmed.csproj", "{7EBC25AD-DBBC-47A8-8633-B33B719A3573}"
EndProject
Project("{9A19103F-16F7-4668-BE54-9A1E7A4F7556}") = "TFEHelper.Backend.Plugins.arXiv", "Plugins\TFEHelper.Backend.Plugins.arXiv\TFEHelper.Backend.Plugins.arXiv.csproj", "{BD2DB2EC-F2A8-4904-B430-C901594E5391}"
EndProject
Project("{9A19103F-16F7-4668-BE54-9A1E7A4F7556}") = "TFEHelper.Backend.Plugins.Eric", "Plugins\TFEHelper.Backend.Plugins.Eric\TFEHelper.Backend.Plugins.Eric.csproj", "{19F2F264-75FD-4420-8C17-F368127445E4}"
EndProject
Project("{9A19103F-16F7-4668-BE54-9A1E7A4F7556}") = "TFEHelper.Backend.Plugins.Doaj", "Plugins\TFEHelper.Backend.Plugins.Doaj\TFEHelper.Backend.Plugins.Doaj.csproj", "{E39173BD-5BA0-4E58-9542-31555486CD85}"
EndProject
Project("{FAE04EC0-301F-11D3-BF4B-00C04F79EFBC}") = "TFEHelper.Backend.Plugins.CrossRef", "Plugins\TFEHelper.Backend.Plugins.CrossRef\TFEHelper.Backend.Plugins.CrossRef.csproj", "{735CA9E6-E40E-4A4C-B28F-6446B6B681EF}"
EndProject
Global
	GlobalSection(SolutionConfigurationPlatforms) = preSolution
		Debug|Any CPU = Debug|Any CPU
		Release|Any CPU = Release|Any CPU
	EndGlobalSection
	GlobalSection(ProjectConfigurationPlatforms) = postSolution
		{6E1BB784-5FF7-4B94-9D75-A226E2B78A54}.Debug|Any CPU.ActiveCfg = Debug|Any CPU
		{6E1BB784-5FF7-4B94-9D75-A226E2B78A54}.Debug|Any CPU.Build.0 = Debug|Any CPU
		{6E1BB784-5FF7-4B94-9D75-A226E2B78A54}.Release|Any CPU.ActiveCfg = Release|Any CPU
		{6E1BB784-5FF7-4B94-9D75-A226E2B78A54}.Release|Any CPU.Build.0 = Release|Any CPU
		{250DD97E-D700-40BC-95B1-BA79D1C978E0}.Debug|Any CPU.ActiveCfg = Debug|Any CPU
		{250DD97E-D700-40BC-95B1-BA79D1C978E0}.Debug|Any CPU.Build.0 = Debug|Any CPU
		{250DD97E-D700-40BC-95B1-BA79D1C978E0}.Release|Any CPU.ActiveCfg = Release|Any CPU
		{250DD97E-D700-40BC-95B1-BA79D1C978E0}.Release|Any CPU.Build.0 = Release|Any CPU
		{CF12EAA5-0B0D-4AED-895E-D39293937C29}.Debug|Any CPU.ActiveCfg = Debug|Any CPU
		{CF12EAA5-0B0D-4AED-895E-D39293937C29}.Debug|Any CPU.Build.0 = Debug|Any CPU
		{CF12EAA5-0B0D-4AED-895E-D39293937C29}.Release|Any CPU.ActiveCfg = Release|Any CPU
		{CF12EAA5-0B0D-4AED-895E-D39293937C29}.Release|Any CPU.Build.0 = Release|Any CPU
		{BF5FC887-DB02-4DB5-B5AC-1F9BBAEE11EE}.Debug|Any CPU.ActiveCfg = Debug|Any CPU
		{BF5FC887-DB02-4DB5-B5AC-1F9BBAEE11EE}.Debug|Any CPU.Build.0 = Debug|Any CPU
		{BF5FC887-DB02-4DB5-B5AC-1F9BBAEE11EE}.Release|Any CPU.ActiveCfg = Release|Any CPU
		{BF5FC887-DB02-4DB5-B5AC-1F9BBAEE11EE}.Release|Any CPU.Build.0 = Release|Any CPU
		{C8CE01CB-6E3E-4E43-AE49-CF7646B5AA6F}.Debug|Any CPU.ActiveCfg = Debug|Any CPU
		{C8CE01CB-6E3E-4E43-AE49-CF7646B5AA6F}.Debug|Any CPU.Build.0 = Debug|Any CPU
		{C8CE01CB-6E3E-4E43-AE49-CF7646B5AA6F}.Release|Any CPU.ActiveCfg = Release|Any CPU
		{C8CE01CB-6E3E-4E43-AE49-CF7646B5AA6F}.Release|Any CPU.Build.0 = Release|Any CPU
		{2A02944A-1946-46CF-9977-A6530461A029}.Debug|Any CPU.ActiveCfg = Debug|Any CPU
		{2A02944A-1946-46CF-9977-A6530461A029}.Debug|Any CPU.Build.0 = Debug|Any CPU
		{2A02944A-1946-46CF-9977-A6530461A029}.Release|Any CPU.ActiveCfg = Release|Any CPU
		{2A02944A-1946-46CF-9977-A6530461A029}.Release|Any CPU.Build.0 = Release|Any CPU
		{853EE20F-5398-4CD8-A98D-EB5FD408D333}.Debug|Any CPU.ActiveCfg = Debug|Any CPU
		{853EE20F-5398-4CD8-A98D-EB5FD408D333}.Debug|Any CPU.Build.0 = Debug|Any CPU
		{853EE20F-5398-4CD8-A98D-EB5FD408D333}.Release|Any CPU.ActiveCfg = Release|Any CPU
		{853EE20F-5398-4CD8-A98D-EB5FD408D333}.Release|Any CPU.Build.0 = Release|Any CPU
		{186725EB-2B64-4CF9-A6EB-B00524F81DEB}.Debug|Any CPU.ActiveCfg = Debug|Any CPU
		{186725EB-2B64-4CF9-A6EB-B00524F81DEB}.Debug|Any CPU.Build.0 = Debug|Any CPU
		{186725EB-2B64-4CF9-A6EB-B00524F81DEB}.Release|Any CPU.ActiveCfg = Release|Any CPU
		{186725EB-2B64-4CF9-A6EB-B00524F81DEB}.Release|Any CPU.Build.0 = Release|Any CPU
		{8AFFC517-F836-4611-BE76-59E33C65A67D}.Debug|Any CPU.ActiveCfg = Debug|Any CPU
		{8AFFC517-F836-4611-BE76-59E33C65A67D}.Debug|Any CPU.Build.0 = Debug|Any CPU
		{8AFFC517-F836-4611-BE76-59E33C65A67D}.Release|Any CPU.ActiveCfg = Release|Any CPU
		{8AFFC517-F836-4611-BE76-59E33C65A67D}.Release|Any CPU.Build.0 = Release|Any CPU
		{2F7B5542-9B12-4ECE-BDFC-55250DAEE1FC}.Debug|Any CPU.ActiveCfg = Debug|Any CPU
		{2F7B5542-9B12-4ECE-BDFC-55250DAEE1FC}.Debug|Any CPU.Build.0 = Debug|Any CPU
		{2F7B5542-9B12-4ECE-BDFC-55250DAEE1FC}.Release|Any CPU.ActiveCfg = Release|Any CPU
		{2F7B5542-9B12-4ECE-BDFC-55250DAEE1FC}.Release|Any CPU.Build.0 = Release|Any CPU
		{2C1C7E99-3C8F-4965-B52B-641F8C50BE92}.Debug|Any CPU.ActiveCfg = Debug|Any CPU
		{2C1C7E99-3C8F-4965-B52B-641F8C50BE92}.Debug|Any CPU.Build.0 = Debug|Any CPU
		{2C1C7E99-3C8F-4965-B52B-641F8C50BE92}.Release|Any CPU.ActiveCfg = Release|Any CPU
		{2C1C7E99-3C8F-4965-B52B-641F8C50BE92}.Release|Any CPU.Build.0 = Release|Any CPU
		{2DB3A59D-BF06-45E2-862D-E2CCA3933190}.Debug|Any CPU.ActiveCfg = Debug|Any CPU
		{2DB3A59D-BF06-45E2-862D-E2CCA3933190}.Debug|Any CPU.Build.0 = Debug|Any CPU
		{2DB3A59D-BF06-45E2-862D-E2CCA3933190}.Release|Any CPU.ActiveCfg = Release|Any CPU
		{2DB3A59D-BF06-45E2-862D-E2CCA3933190}.Release|Any CPU.Build.0 = Release|Any CPU
		{981EF278-A1E4-4196-88CD-CE70E7EC0FB1}.Debug|Any CPU.ActiveCfg = Debug|Any CPU
		{981EF278-A1E4-4196-88CD-CE70E7EC0FB1}.Debug|Any CPU.Build.0 = Debug|Any CPU
		{981EF278-A1E4-4196-88CD-CE70E7EC0FB1}.Release|Any CPU.ActiveCfg = Release|Any CPU
		{981EF278-A1E4-4196-88CD-CE70E7EC0FB1}.Release|Any CPU.Build.0 = Release|Any CPU
		{15C3F021-DC86-4B48-9F3F-D87326B7530C}.Debug|Any CPU.ActiveCfg = Debug|Any CPU
		{15C3F021-DC86-4B48-9F3F-D87326B7530C}.Debug|Any CPU.Build.0 = Debug|Any CPU
		{15C3F021-DC86-4B48-9F3F-D87326B7530C}.Release|Any CPU.ActiveCfg = Release|Any CPU
		{15C3F021-DC86-4B48-9F3F-D87326B7530C}.Release|Any CPU.Build.0 = Release|Any CPU
		{77718E43-B922-4577-A73D-BDC8A034898E}.Debug|Any CPU.ActiveCfg = Debug|Any CPU
		{77718E43-B922-4577-A73D-BDC8A034898E}.Debug|Any CPU.Build.0 = Debug|Any CPU
		{77718E43-B922-4577-A73D-BDC8A034898E}.Release|Any CPU.ActiveCfg = Release|Any CPU
		{77718E43-B922-4577-A73D-BDC8A034898E}.Release|Any CPU.Build.0 = Release|Any CPU
		{0A7EF4BB-86A6-4D85-B5F3-E512A11925FD}.Debug|Any CPU.ActiveCfg = Debug|Any CPU
		{0A7EF4BB-86A6-4D85-B5F3-E512A11925FD}.Debug|Any CPU.Build.0 = Debug|Any CPU
		{0A7EF4BB-86A6-4D85-B5F3-E512A11925FD}.Release|Any CPU.ActiveCfg = Release|Any CPU
		{0A7EF4BB-86A6-4D85-B5F3-E512A11925FD}.Release|Any CPU.Build.0 = Release|Any CPU
		{7EBC25AD-DBBC-47A8-8633-B33B719A3573}.Debug|Any CPU.ActiveCfg = Debug|Any CPU
		{7EBC25AD-DBBC-47A8-8633-B33B719A3573}.Debug|Any CPU.Build.0 = Debug|Any CPU
		{7EBC25AD-DBBC-47A8-8633-B33B719A3573}.Release|Any CPU.ActiveCfg = Release|Any CPU
		{7EBC25AD-DBBC-47A8-8633-B33B719A3573}.Release|Any CPU.Build.0 = Release|Any CPU
		{BD2DB2EC-F2A8-4904-B430-C901594E5391}.Debug|Any CPU.ActiveCfg = Debug|Any CPU
		{BD2DB2EC-F2A8-4904-B430-C901594E5391}.Debug|Any CPU.Build.0 = Debug|Any CPU
		{BD2DB2EC-F2A8-4904-B430-C901594E5391}.Release|Any CPU.ActiveCfg = Release|Any CPU
		{BD2DB2EC-F2A8-4904-B430-C901594E5391}.Release|Any CPU.Build.0 = Release|Any CPU
		{19F2F264-75FD-4420-8C17-F368127445E4}.Debug|Any CPU.ActiveCfg = Debug|Any CPU
		{19F2F264-75FD-4420-8C17-F368127445E4}.Debug|Any CPU.Build.0 = Debug|Any CPU
		{19F2F264-75FD-4420-8C17-F368127445E4}.Release|Any CPU.ActiveCfg = Release|Any CPU
		{19F2F264-75FD-4420-8C17-F368127445E4}.Release|Any CPU.Build.0 = Release|Any CPU
		{E39173BD-5BA0-4E58-9542-31555486CD85}.Debug|Any CPU.ActiveCfg = Debug|Any CPU
		{E39173BD-5BA0-4E58-9542-31555486CD85}.Debug|Any CPU.Build.0 = Debug|Any CPU
		{E39173BD-5BA0-4E58-9542-31555486CD85}.Release|Any CPU.ActiveCfg = Release|Any CPU
		{E39173BD-5BA0-4E58-9542-31555486CD85}.Release|Any CPU.Build.0 = Release|Any CPU
		{735CA9E6-E40E-4A4C-B28F-6446B6B681EF}.Debug|Any CPU.ActiveCfg = Debug|Any CPU
		{735CA9E6-E40E-4A4C-B28F-6446B6B681EF}.Debug|Any CPU.Build.0 = Debug|Any CPU
		{735CA9E6-E40E-4A4C-B28F-6446B6B681EF}.Release|Any CPU.ActiveCfg = Release|Any CPU
		{735CA9E6-E40E-4A4C-B28F-6446B6B681EF}.Release|Any CPU.Build.0 = Release|Any CPU
	EndGlobalSection
	GlobalSection(SolutionProperties) = preSolution
		HideSolutionNode = FALSE
	EndGlobalSection
	GlobalSection(NestedProjects) = preSolution
		{6E1BB784-5FF7-4B94-9D75-A226E2B78A54} = {E9F95634-78E2-4289-A902-861A5912B311}
		{250DD97E-D700-40BC-95B1-BA79D1C978E0} = {E9F95634-78E2-4289-A902-861A5912B311}
		{CF12EAA5-0B0D-4AED-895E-D39293937C29} = {1127FEB1-5E77-4242-93F2-9ABA2290B273}
		{BF5FC887-DB02-4DB5-B5AC-1F9BBAEE11EE} = {1127FEB1-5E77-4242-93F2-9ABA2290B273}
		{C8CE01CB-6E3E-4E43-AE49-CF7646B5AA6F} = {1127FEB1-5E77-4242-93F2-9ABA2290B273}
		{2A02944A-1946-46CF-9977-A6530461A029} = {4234DE98-713D-42E9-A9A1-F4433B105CCE}
		{853EE20F-5398-4CD8-A98D-EB5FD408D333} = {4234DE98-713D-42E9-A9A1-F4433B105CCE}
		{186725EB-2B64-4CF9-A6EB-B00524F81DEB} = {D8CB6DC0-27B0-4B01-9D75-CFC500C49DB4}
		{8AFFC517-F836-4611-BE76-59E33C65A67D} = {D8CB6DC0-27B0-4B01-9D75-CFC500C49DB4}
		{2F7B5542-9B12-4ECE-BDFC-55250DAEE1FC} = {62502CA5-FE12-4EFC-86FE-C0340C5F2814}
		{2C1C7E99-3C8F-4965-B52B-641F8C50BE92} = {62502CA5-FE12-4EFC-86FE-C0340C5F2814}
		{2DB3A59D-BF06-45E2-862D-E2CCA3933190} = {79E88285-83FD-48C8-81A1-EBF5C35E4D55}
		{981EF278-A1E4-4196-88CD-CE70E7EC0FB1} = {79E88285-83FD-48C8-81A1-EBF5C35E4D55}
		{15C3F021-DC86-4B48-9F3F-D87326B7530C} = {E9F95634-78E2-4289-A902-861A5912B311}
		{77718E43-B922-4577-A73D-BDC8A034898E} = {E9F95634-78E2-4289-A902-861A5912B311}
		{0A7EF4BB-86A6-4D85-B5F3-E512A11925FD} = {1127FEB1-5E77-4242-93F2-9ABA2290B273}
		{7EBC25AD-DBBC-47A8-8633-B33B719A3573} = {1127FEB1-5E77-4242-93F2-9ABA2290B273}
		{BD2DB2EC-F2A8-4904-B430-C901594E5391} = {1127FEB1-5E77-4242-93F2-9ABA2290B273}
		{19F2F264-75FD-4420-8C17-F368127445E4} = {1127FEB1-5E77-4242-93F2-9ABA2290B273}
		{E39173BD-5BA0-4E58-9542-31555486CD85} = {1127FEB1-5E77-4242-93F2-9ABA2290B273}
		{735CA9E6-E40E-4A4C-B28F-6446B6B681EF} = {1127FEB1-5E77-4242-93F2-9ABA2290B273}
	EndGlobalSection
	GlobalSection(ExtensibilityGlobals) = postSolution
		SolutionGuid = {C0B3D73E-CF42-498C-97C5-06A8F7372B49}
	EndGlobalSection
EndGlobal
