
Microsoft Visual Studio Solution File, Format Version 12.00
# Visual Studio Version 17
VisualStudioVersion = 17.7.34031.279
MinimumVisualStudioVersion = 10.0.40219.1
Project("{2150E333-8FDC-42A3-9474-1A3956D46DE8}") = "Plugins", "Plugins", "{1127FEB1-5E77-4242-93F2-9ABA2290B273}"
EndProject
Project("{2150E333-8FDC-42A3-9474-1A3956D46DE8}") = "Services", "Services", "{E9F95634-78E2-4289-A902-861A5912B311}"
EndProject
Project("{9A19103F-16F7-4668-BE54-9A1E7A4F7556}") = "TFEHelper.Backend.Services", "Services\TFEHelper.Backend.Services\TFEHelper.Backend.Services.csproj", "{6E1BB784-5FF7-4B94-9D75-A226E2B78A54}"
EndProject
Project("{9A19103F-16F7-4668-BE54-9A1E7A4F7556}") = "TFEHelper.Backend.Services.Test", "Services\TFEHelper.Backend.Services.Test\TFEHelper.Backend.Services.Test.csproj", "{250DD97E-D700-40BC-95B1-BA79D1C978E0}"
EndProject
Project("{9A19103F-16F7-4668-BE54-9A1E7A4F7556}") = "TFEHelper.Backend.Plugins.PluginBase", "Plugins\TFEHelper.Backend.Plugins.PluginBase\TFEHelper.Backend.Plugins.PluginBase.csproj", "{CF12EAA5-0B0D-4AED-895E-D39293937C29}"
EndProject
Project("{9A19103F-16F7-4668-BE54-9A1E7A4F7556}") = "TFEHelper.Backend.Plugins.Dummy", "Plugins\TFEHelper.Backend.Plugins.Dummy\TFEHelper.Backend.Plugins.Dummy.csproj", "{BF5FC887-DB02-4DB5-B5AC-1F9BBAEE11EE}"
EndProject
Project("{9A19103F-16F7-4668-BE54-9A1E7A4F7556}") = "TFEHelper.Backend.Plugins.SpringerLink", "Plugins\TFEHelper.Backend.Plugins.SpringerLink\TFEHelper.Backend.Plugins.SpringerLink.csproj", "{C8CE01CB-6E3E-4E43-AE49-CF7646B5AA6F}"
EndProject
Project("{2150E333-8FDC-42A3-9474-1A3956D46DE8}") = "Domain", "Domain", "{4234DE98-713D-42E9-A9A1-F4433B105CCE}"
EndProject
Project("{9A19103F-16F7-4668-BE54-9A1E7A4F7556}") = "TFEHelper.Backend.Domain.Test", "Domain\TFEHelper.Backend.Domain.Test\TFEHelper.Backend.Domain.Test.csproj", "{2A02944A-1946-46CF-9977-A6530461A029}"
EndProject
Project("{9A19103F-16F7-4668-BE54-9A1E7A4F7556}") = "TFEHelper.Backend.Domain", "Domain\TFEHelper.Backend.Domain\TFEHelper.Backend.Domain.csproj", "{853EE20F-5398-4CD8-A98D-EB5FD408D333}"
EndProject
Project("{2150E333-8FDC-42A3-9474-1A3956D46DE8}") = "Infrastructure", "Infrastructure", "{D8CB6DC0-27B0-4B01-9D75-CFC500C49DB4}"
EndProject
Project("{9A19103F-16F7-4668-BE54-9A1E7A4F7556}") = "TFEHelper.Backend.Infrastructure.Test", "Infrastructure\TFEHelper.Backend.Infrastructure.Test\TFEHelper.Backend.Infrastructure.Test.csproj", "{186725EB-2B64-4CF9-A6EB-B00524F81DEB}"
EndProject
Project("{9A19103F-16F7-4668-BE54-9A1E7A4F7556}") = "TFEHelper.Backend.Infrastructure", "Infrastructure\TFEHelper.Backend.Infrastructure\TFEHelper.Backend.Infrastructure.csproj", "{8AFFC517-F836-4611-BE76-59E33C65A67D}"
EndProject
Project("{9A19103F-16F7-4668-BE54-9A1E7A4F7556}") = "TFEHelper.Backend.Core", "Services\TFEHelper.Backend.Core\TFEHelper.Backend.Core.csproj", "{8601CD8F-92FB-4BBB-BA5E-B37E9295DDBC}"
EndProject
Project("{2150E333-8FDC-42A3-9474-1A3956D46DE8}") = "API", "API", "{79E88285-83FD-48C8-81A1-EBF5C35E4D55}"
EndProject
Project("{2150E333-8FDC-42A3-9474-1A3956D46DE8}") = "Tools", "Tools", "{62502CA5-FE12-4EFC-86FE-C0340C5F2814}"
EndProject
Project("{9A19103F-16F7-4668-BE54-9A1E7A4F7556}") = "TFEHelper.Backend.Tools", "Tools\TFEHelper.Backend.Tools\TFEHelper.Backend.Tools.csproj", "{2F7B5542-9B12-4ECE-BDFC-55250DAEE1FC}"
EndProject
Project("{9A19103F-16F7-4668-BE54-9A1E7A4F7556}") = "TFEHelper.Backend.Tools.Test", "Tools\TFEHelper.Backend.Tools.Test\TFEHelper.Backend.Tools.Test.csproj", "{2C1C7E99-3C8F-4965-B52B-641F8C50BE92}"
EndProject
Project("{9A19103F-16F7-4668-BE54-9A1E7A4F7556}") = "TFEHelper.Backend.API", "API\TFEHelper.Backend.API\TFEHelper.Backend.API.csproj", "{2DB3A59D-BF06-45E2-862D-E2CCA3933190}"
EndProject
Project("{FAE04EC0-301F-11D3-BF4B-00C04F79EFBC}") = "TFEHelper.Backend.API.Test", "API\TFEHelper.Backend.API.Test\TFEHelper.Backend.API.Test.csproj", "{981EF278-A1E4-4196-88CD-CE70E7EC0FB1}"
EndProject
Global
	GlobalSection(SolutionConfigurationPlatforms) = preSolution
		Debug|Any CPU = Debug|Any CPU
		Release|Any CPU = Release|Any CPU
	EndGlobalSection
	GlobalSection(ProjectConfigurationPlatforms) = postSolution
		{6E1BB784-5FF7-4B94-9D75-A226E2B78A54}.Debug|Any CPU.ActiveCfg = Debug|Any CPU
		{6E1BB784-5FF7-4B94-9D75-A226E2B78A54}.Debug|Any CPU.Build.0 = Debug|Any CPU
		{6E1BB784-5FF7-4B94-9D75-A226E2B78A54}.Release|Any CPU.ActiveCfg = Release|Any CPU
		{6E1BB784-5FF7-4B94-9D75-A226E2B78A54}.Release|Any CPU.Build.0 = Release|Any CPU
		{250DD97E-D700-40BC-95B1-BA79D1C978E0}.Debug|Any CPU.ActiveCfg = Debug|Any CPU
		{250DD97E-D700-40BC-95B1-BA79D1C978E0}.Debug|Any CPU.Build.0 = Debug|Any CPU
		{250DD97E-D700-40BC-95B1-BA79D1C978E0}.Release|Any CPU.ActiveCfg = Release|Any CPU
		{250DD97E-D700-40BC-95B1-BA79D1C978E0}.Release|Any CPU.Build.0 = Release|Any CPU
		{CF12EAA5-0B0D-4AED-895E-D39293937C29}.Debug|Any CPU.ActiveCfg = Debug|Any CPU
		{CF12EAA5-0B0D-4AED-895E-D39293937C29}.Debug|Any CPU.Build.0 = Debug|Any CPU
		{CF12EAA5-0B0D-4AED-895E-D39293937C29}.Release|Any CPU.ActiveCfg = Release|Any CPU
		{CF12EAA5-0B0D-4AED-895E-D39293937C29}.Release|Any CPU.Build.0 = Release|Any CPU
		{BF5FC887-DB02-4DB5-B5AC-1F9BBAEE11EE}.Debug|Any CPU.ActiveCfg = Debug|Any CPU
		{BF5FC887-DB02-4DB5-B5AC-1F9BBAEE11EE}.Debug|Any CPU.Build.0 = Debug|Any CPU
		{BF5FC887-DB02-4DB5-B5AC-1F9BBAEE11EE}.Release|Any CPU.ActiveCfg = Release|Any CPU
		{BF5FC887-DB02-4DB5-B5AC-1F9BBAEE11EE}.Release|Any CPU.Build.0 = Release|Any CPU
		{C8CE01CB-6E3E-4E43-AE49-CF7646B5AA6F}.Debug|Any CPU.ActiveCfg = Debug|Any CPU
		{C8CE01CB-6E3E-4E43-AE49-CF7646B5AA6F}.Debug|Any CPU.Build.0 = Debug|Any CPU
		{C8CE01CB-6E3E-4E43-AE49-CF7646B5AA6F}.Release|Any CPU.ActiveCfg = Release|Any CPU
		{C8CE01CB-6E3E-4E43-AE49-CF7646B5AA6F}.Release|Any CPU.Build.0 = Release|Any CPU
		{2A02944A-1946-46CF-9977-A6530461A029}.Debug|Any CPU.ActiveCfg = Debug|Any CPU
		{2A02944A-1946-46CF-9977-A6530461A029}.Debug|Any CPU.Build.0 = Debug|Any CPU
		{2A02944A-1946-46CF-9977-A6530461A029}.Release|Any CPU.ActiveCfg = Release|Any CPU
		{2A02944A-1946-46CF-9977-A6530461A029}.Release|Any CPU.Build.0 = Release|Any CPU
		{853EE20F-5398-4CD8-A98D-EB5FD408D333}.Debug|Any CPU.ActiveCfg = Debug|Any CPU
		{853EE20F-5398-4CD8-A98D-EB5FD408D333}.Debug|Any CPU.Build.0 = Debug|Any CPU
		{853EE20F-5398-4CD8-A98D-EB5FD408D333}.Release|Any CPU.ActiveCfg = Release|Any CPU
		{853EE20F-5398-4CD8-A98D-EB5FD408D333}.Release|Any CPU.Build.0 = Release|Any CPU
		{186725EB-2B64-4CF9-A6EB-B00524F81DEB}.Debug|Any CPU.ActiveCfg = Debug|Any CPU
		{186725EB-2B64-4CF9-A6EB-B00524F81DEB}.Debug|Any CPU.Build.0 = Debug|Any CPU
		{186725EB-2B64-4CF9-A6EB-B00524F81DEB}.Release|Any CPU.ActiveCfg = Release|Any CPU
		{186725EB-2B64-4CF9-A6EB-B00524F81DEB}.Release|Any CPU.Build.0 = Release|Any CPU
		{8AFFC517-F836-4611-BE76-59E33C65A67D}.Debug|Any CPU.ActiveCfg = Debug|Any CPU
		{8AFFC517-F836-4611-BE76-59E33C65A67D}.Debug|Any CPU.Build.0 = Debug|Any CPU
		{8AFFC517-F836-4611-BE76-59E33C65A67D}.Release|Any CPU.ActiveCfg = Release|Any CPU
		{8AFFC517-F836-4611-BE76-59E33C65A67D}.Release|Any CPU.Build.0 = Release|Any CPU
		{8601CD8F-92FB-4BBB-BA5E-B37E9295DDBC}.Debug|Any CPU.ActiveCfg = Debug|Any CPU
		{8601CD8F-92FB-4BBB-BA5E-B37E9295DDBC}.Debug|Any CPU.Build.0 = Debug|Any CPU
		{8601CD8F-92FB-4BBB-BA5E-B37E9295DDBC}.Release|Any CPU.ActiveCfg = Release|Any CPU
		{8601CD8F-92FB-4BBB-BA5E-B37E9295DDBC}.Release|Any CPU.Build.0 = Release|Any CPU
		{2F7B5542-9B12-4ECE-BDFC-55250DAEE1FC}.Debug|Any CPU.ActiveCfg = Debug|Any CPU
		{2F7B5542-9B12-4ECE-BDFC-55250DAEE1FC}.Debug|Any CPU.Build.0 = Debug|Any CPU
		{2F7B5542-9B12-4ECE-BDFC-55250DAEE1FC}.Release|Any CPU.ActiveCfg = Release|Any CPU
		{2F7B5542-9B12-4ECE-BDFC-55250DAEE1FC}.Release|Any CPU.Build.0 = Release|Any CPU
		{2C1C7E99-3C8F-4965-B52B-641F8C50BE92}.Debug|Any CPU.ActiveCfg = Debug|Any CPU
		{2C1C7E99-3C8F-4965-B52B-641F8C50BE92}.Debug|Any CPU.Build.0 = Debug|Any CPU
		{2C1C7E99-3C8F-4965-B52B-641F8C50BE92}.Release|Any CPU.ActiveCfg = Release|Any CPU
		{2C1C7E99-3C8F-4965-B52B-641F8C50BE92}.Release|Any CPU.Build.0 = Release|Any CPU
		{2DB3A59D-BF06-45E2-862D-E2CCA3933190}.Debug|Any CPU.ActiveCfg = Debug|Any CPU
		{2DB3A59D-BF06-45E2-862D-E2CCA3933190}.Debug|Any CPU.Build.0 = Debug|Any CPU
		{2DB3A59D-BF06-45E2-862D-E2CCA3933190}.Release|Any CPU.ActiveCfg = Release|Any CPU
		{2DB3A59D-BF06-45E2-862D-E2CCA3933190}.Release|Any CPU.Build.0 = Release|Any CPU
		{981EF278-A1E4-4196-88CD-CE70E7EC0FB1}.Debug|Any CPU.ActiveCfg = Debug|Any CPU
		{981EF278-A1E4-4196-88CD-CE70E7EC0FB1}.Debug|Any CPU.Build.0 = Debug|Any CPU
		{981EF278-A1E4-4196-88CD-CE70E7EC0FB1}.Release|Any CPU.ActiveCfg = Release|Any CPU
		{981EF278-A1E4-4196-88CD-CE70E7EC0FB1}.Release|Any CPU.Build.0 = Release|Any CPU
	EndGlobalSection
	GlobalSection(SolutionProperties) = preSolution
		HideSolutionNode = FALSE
	EndGlobalSection
	GlobalSection(NestedProjects) = preSolution
		{6E1BB784-5FF7-4B94-9D75-A226E2B78A54} = {E9F95634-78E2-4289-A902-861A5912B311}
		{250DD97E-D700-40BC-95B1-BA79D1C978E0} = {E9F95634-78E2-4289-A902-861A5912B311}
		{CF12EAA5-0B0D-4AED-895E-D39293937C29} = {1127FEB1-5E77-4242-93F2-9ABA2290B273}
		{BF5FC887-DB02-4DB5-B5AC-1F9BBAEE11EE} = {1127FEB1-5E77-4242-93F2-9ABA2290B273}
		{C8CE01CB-6E3E-4E43-AE49-CF7646B5AA6F} = {1127FEB1-5E77-4242-93F2-9ABA2290B273}
		{2A02944A-1946-46CF-9977-A6530461A029} = {4234DE98-713D-42E9-A9A1-F4433B105CCE}
		{853EE20F-5398-4CD8-A98D-EB5FD408D333} = {4234DE98-713D-42E9-A9A1-F4433B105CCE}
		{186725EB-2B64-4CF9-A6EB-B00524F81DEB} = {D8CB6DC0-27B0-4B01-9D75-CFC500C49DB4}
		{8AFFC517-F836-4611-BE76-59E33C65A67D} = {D8CB6DC0-27B0-4B01-9D75-CFC500C49DB4}
		{8601CD8F-92FB-4BBB-BA5E-B37E9295DDBC} = {E9F95634-78E2-4289-A902-861A5912B311}
		{2F7B5542-9B12-4ECE-BDFC-55250DAEE1FC} = {62502CA5-FE12-4EFC-86FE-C0340C5F2814}
		{2C1C7E99-3C8F-4965-B52B-641F8C50BE92} = {62502CA5-FE12-4EFC-86FE-C0340C5F2814}
		{2DB3A59D-BF06-45E2-862D-E2CCA3933190} = {79E88285-83FD-48C8-81A1-EBF5C35E4D55}
		{981EF278-A1E4-4196-88CD-CE70E7EC0FB1} = {79E88285-83FD-48C8-81A1-EBF5C35E4D55}
	EndGlobalSection
	GlobalSection(ExtensibilityGlobals) = postSolution
		SolutionGuid = {C0B3D73E-CF42-498C-97C5-06A8F7372B49}
	EndGlobalSection
EndGlobal
